
Microsoft Visual Studio Solution File, Format Version 12.00
# Visual Studio 15
VisualStudioVersion = 15.0.28307.852
MinimumVisualStudioVersion = 10.0.40219.1
Project("{FAE04EC0-301F-11D3-BF4B-00C04F79EFBC}") = "Assignment2", "Assignment2\Assignment2.csproj", "{75A20D10-4A9B-436A-842B-3F0C76F031D6}"
EndProject
Project("{FAE04EC0-301F-11D3-BF4B-00C04F79EFBC}") = "Assignment2.Test", "Assignment2.Test\Assignment2.Test.csproj", "{C4BD7BB7-BBE8-49E2-A20C-3C42ED1A744A}"
EndProject
Global
	GlobalSection(SolutionConfigurationPlatforms) = preSolution
		Debug|Any CPU = Debug|Any CPU
		Release|Any CPU = Release|Any CPU
	EndGlobalSection
	GlobalSection(ProjectConfigurationPlatforms) = postSolution
		{75A20D10-4A9B-436A-842B-3F0C76F031D6}.Debug|Any CPU.ActiveCfg = Debug|Any CPU
		{75A20D10-4A9B-436A-842B-3F0C76F031D6}.Debug|Any CPU.Build.0 = Debug|Any CPU
		{75A20D10-4A9B-436A-842B-3F0C76F031D6}.Release|Any CPU.ActiveCfg = Release|Any CPU
		{75A20D10-4A9B-436A-842B-3F0C76F031D6}.Release|Any CPU.Build.0 = Release|Any CPU
		{C4BD7BB7-BBE8-49E2-A20C-3C42ED1A744A}.Debug|Any CPU.ActiveCfg = Debug|Any CPU
		{C4BD7BB7-BBE8-49E2-A20C-3C42ED1A744A}.Debug|Any CPU.Build.0 = Debug|Any CPU
		{C4BD7BB7-BBE8-49E2-A20C-3C42ED1A744A}.Release|Any CPU.ActiveCfg = Release|Any CPU
		{C4BD7BB7-BBE8-49E2-A20C-3C42ED1A744A}.Release|Any CPU.Build.0 = Release|Any CPU
	EndGlobalSection
	GlobalSection(SolutionProperties) = preSolution
		HideSolutionNode = FALSE
	EndGlobalSection
	GlobalSection(ExtensibilityGlobals) = postSolution
		SolutionGuid = {76330350-8214-49A2-9173-11BA0F3514AF}
	EndGlobalSection
EndGlobal
