
Microsoft Visual Studio Solution File, Format Version 12.00
# Visual Studio 15
VisualStudioVersion = 15.0.28307.852
MinimumVisualStudioVersion = 10.0.40219.1
Project("{FAE04EC0-301F-11D3-BF4B-00C04F79EFBC}") = "Assignment1", "Assignment1\Assignment1.csproj", "{887C8BFD-2A8F-4D54-B29D-4B1694E84499}"
EndProject
Project("{FAE04EC0-301F-11D3-BF4B-00C04F79EFBC}") = "Assignment1.Tests", "Assignment1.Tests\Assignment1.Tests.csproj", "{23C67B3D-88E4-40D9-87C2-2DBAC7EEF66A}"
EndProject
Global
	GlobalSection(SolutionConfigurationPlatforms) = preSolution
		Debug|Any CPU = Debug|Any CPU
		Release|Any CPU = Release|Any CPU
	EndGlobalSection
	GlobalSection(ProjectConfigurationPlatforms) = postSolution
		{887C8BFD-2A8F-4D54-B29D-4B1694E84499}.Debug|Any CPU.ActiveCfg = Debug|Any CPU
		{887C8BFD-2A8F-4D54-B29D-4B1694E84499}.Debug|Any CPU.Build.0 = Debug|Any CPU
		{887C8BFD-2A8F-4D54-B29D-4B1694E84499}.Release|Any CPU.ActiveCfg = Release|Any CPU
		{887C8BFD-2A8F-4D54-B29D-4B1694E84499}.Release|Any CPU.Build.0 = Release|Any CPU
		{23C67B3D-88E4-40D9-87C2-2DBAC7EEF66A}.Debug|Any CPU.ActiveCfg = Debug|Any CPU
		{23C67B3D-88E4-40D9-87C2-2DBAC7EEF66A}.Debug|Any CPU.Build.0 = Debug|Any CPU
		{23C67B3D-88E4-40D9-87C2-2DBAC7EEF66A}.Release|Any CPU.ActiveCfg = Release|Any CPU
		{23C67B3D-88E4-40D9-87C2-2DBAC7EEF66A}.Release|Any CPU.Build.0 = Release|Any CPU
	EndGlobalSection
	GlobalSection(SolutionProperties) = preSolution
		HideSolutionNode = FALSE
	EndGlobalSection
	GlobalSection(ExtensibilityGlobals) = postSolution
		SolutionGuid = {15C96FEB-8246-45D0-9EEC-A763561397B9}
	EndGlobalSection
EndGlobal
